{
    "_meta": {
        "hash": {
            "sha256": "e56c59428e8b47d20e7497ee1af0787c3a3ab7f7f29ce7ef45b73b6f067b2a58"
        },
        "pipfile-spec": 6,
        "requires": {
            "python_version": "3.11"
        },
        "sources": [
            {
                "name": "pypi",
                "url": "https://pypi.org/simple",
                "verify_ssl": true
            }
        ]
    },
    "default": {
        "absl-py": {
            "hashes": [
                "sha256:0d3fe606adfa4f7db64792dd4c7aee4ee0c38ab75dfd353b7a83ed3e957fcb47",
                "sha256:d2c244d01048ba476e7c080bd2c6df5e141d211de80223460d5b3b8a2a58433d"
            ],
            "markers": "python_version >= '3.6'",
            "version": "==1.4.0"
        },
        "google-benchmark": {
            "hashes": [
                "sha256:1146d32371707e071d0aeb66522f58fb6c2917d4027ac4cba5a540c847155e78",
                "sha256:147f4fb200be63f161c1901f829921ca8b199b90c87c77bfa06f28af913b37a2",
                "sha256:1600bcbd0feaab3a53f7d34437b05cb8367d4797f7e0f23a3baf3790c4099801",
                "sha256:16ed795435c070a2abdca513ef5461c74e0b8a4c88aa91c4dc3a71e1dc339c04",
                "sha256:1c38e4f0df1b233bd88b2f1c52b055d2ef32b66dd1ca913a3fb877aa973328b7",
                "sha256:2bd3b7ac75c27fb6ed65e2bd1e46fd0c107613a708164f3e9891ad15ddee5d1b",
                "sha256:4dced10909c58a7c3414e5b130b2a4bea84e9071da5f9c63f2f84f765bd3c832",
                "sha256:502c98d77146febeb6a4d09eac8a7bc995c3a0d44bcffc20e151d38053322da2",
                "sha256:524eba414d5f9caa0280ba4976d88ee98acba63ec1872b3058f2049977c96a24",
                "sha256:5b64b02b9e8ae4018193d01d91f38bbaebbcc33dbb548801c8b9c2cb855b7aaf",
                "sha256:5ff850dc5430918aeae858a3c588139e1a23b6981cfeab6c49044d067a3761fb",
                "sha256:66602fcc4e79cbf21501ef9bd22ce1f582628ff1ccafadeddafd935d6028e22e",
                "sha256:74446160d679202fc128e6329acc9ed5effd831ee9bdbba7d55e3994cae4dd96",
                "sha256:96325930def8e40c39e511809c48147c6bf1f3733f4938d2102dc67a367badc1",
                "sha256:b8128124212523b55c69e7e313ecf2b1835bdfd19880b6a8735ea4b59a57910c",
                "sha256:d7dcea941bdd8847160912f4a891c3b1ff4cea5223d43f19e3d5614c4d258b15",
                "sha256:d8277e8c0af18257937a31321184e2264b7458faf4aa8a4d382e06d1593a3f72",
                "sha256:e50c786c168d541b75117c4138d010f55045bb94d6a6a5a103103ce85be197f8",
                "sha256:ebbc37c848ebd5c0f55c76b4fe887229d83e4e349c5fe9599e99ae201bf22dea",
                "sha256:ec8f4e31a152bc5c0bdfb744b69ffa13be9859dbcdcb6a5094e7d7c3a350cb74",
                "sha256:fbb161a80523b705b5ccbc9ce1f7a03f338c9f231f086bfc9ef04c2048b5ec27"
            ],
            "index": "pypi",
            "version": "==1.8.0"
        }
    },
    "develop": {}
}
